{
  "name": "jsxn",
  "version": "0.0.10",
  "lockfileVersion": 1,
  "requires": true,
  "dependencies": {
    "@types/node": {
      "version": "14.0.27",
      "resolved": "https://registry.npmjs.org/@types/node/-/node-14.0.27.tgz",
      "integrity": "sha512-kVrqXhbclHNHGu9ztnAwSncIgJv/FaxmzXJvGXNdcCpV1b8u1/Mi6z6m0vwy0LzKeXFTPLH0NzwmoJ3fNCIq0g==",
      "dev": true
    },
    "saxes": {
      "version": "5.0.1",
      "resolved": "https://registry.npmjs.org/saxes/-/saxes-5.0.1.tgz",
      "integrity": "sha512-5LBh1Tls8c9xgGjw3QrMwETmTMVk0oFgvrFSvWx62llR2hcEInrKNZ2GZCCuuy2lvWrdl5jhbpeqc5hRYKFOcw==",
      "dev": true,
      "requires": {
        "xmlchars": "^2.2.0"
      }
    },
    "slimdom": {
      "version": "2.3.2",
      "resolved": "https://registry.npmjs.org/slimdom/-/slimdom-2.3.2.tgz",
      "integrity": "sha512-zFsKlkGyYRxRhSIoQSKzcHfRhlCNE9Sl87SLcLp8NitcoEufts+oCckDvHTkj8EhzQlPG9gmB+9qbV+iXQTlUg==",
      "dev": true
    },
    "slimdom-sax-parser": {
      "version": "1.3.0",
      "resolved": "https://registry.npmjs.org/slimdom-sax-parser/-/slimdom-sax-parser-1.3.0.tgz",
      "integrity": "sha512-UKCHfEHa1CbnVBMaX7OkZV4q1x3NPilx0Lsc23mlMnSv4qHtHLK420LcJbyiZddwzilpNoOtQMo2EH5b6ktqyA==",
      "dev": true,
      "requires": {
        "saxes": "^4.0.2",
        "slimdom": "^2.3.1"
      },
      "dependencies": {
        "saxes": {
          "version": "4.0.2",
          "resolved": "https://registry.npmjs.org/saxes/-/saxes-4.0.2.tgz",
          "integrity": "sha512-EZOTeQ4bgkOaGCDaTKux+LaRNcLNbdbvMH7R3/yjEEULPEmqvkFbFub6DJhJTub2iGMT93CfpZ5LTdKZmAbVeQ==",
          "dev": true,
          "requires": {
            "xmlchars": "^2.2.0"
          }
        }
      }
    },
    "xmlchars": {
      "version": "2.2.0",
      "resolved": "https://registry.npmjs.org/xmlchars/-/xmlchars-2.2.0.tgz",
      "integrity": "sha512-JZnDKK8B0RCDw84FNdDAIpZK+JuJw+s7Lz8nksI7SIuU3UXJJslUthsi+uWBUYOwPFwW7W7PRLRfUKpxjtjFCw==",
      "dev": true
    }
  }
}
